// !$*UTF8*$!
{
	archiveVersion = 1;
	classes = {
	};
	objectVersion = 46;
	objects = {

/* Begin PBXBuildFile section */
		410C9DAE1DD498BF008C2092 /* main.m in Sources */ = {isa = PBXBuildFile; fileRef = 410C9DAD1DD498BF008C2092 /* main.m */; };
		410C9DB11DD498C1008C2092 /* AppDelegate.m in Sources */ = {isa = PBXBuildFile; fileRef = 410C9DB01DD498C1008C2092 /* AppDelegate.m */; };
		410C9DB41DD498C1008C2092 /* ViewController.m in Sources */ = {isa = PBXBuildFile; fileRef = 410C9DB31DD498C1008C2092 /* ViewController.m */; };
		410C9DB71DD498C1008C2092 /* Main.storyboard in Resources */ = {isa = PBXBuildFile; fileRef = 410C9DB51DD498C1008C2092 /* Main.storyboard */; };
		410C9DB91DD498C1008C2092 /* Assets.xcassets in Resources */ = {isa = PBXBuildFile; fileRef = 410C9DB81DD498C1008C2092 /* Assets.xcassets */; };
		410C9DBC1DD498C1008C2092 /* LaunchScreen.storyboard in Resources */ = {isa = PBXBuildFile; fileRef = 410C9DBA1DD498C1008C2092 /* LaunchScreen.storyboard */; };
		410C9DC41DD498EC008C2092 /* Employee.xml in Resources */ = {isa = PBXBuildFile; fileRef = 410C9DC31DD498EC008C2092 /* Employee.xml */; };
		410C9DC71DD49928008C2092 /* Employee.m in Sources */ = {isa = PBXBuildFile; fileRef = 410C9DC61DD49928008C2092 /* Employee.m */; };
/* End PBXBuildFile section */

/* Begin PBXFileReference section */
		410C9DA91DD498BE008C2092 /* TKXMLParsing.app */ = {isa = PBXFileReference; explicitFileType = wrapper.application; includeInIndex = 0; path = TKXMLParsing.app; sourceTree = BUILT_PRODUCTS_DIR; };
		410C9DAD1DD498BF008C2092 /* main.m */ = {isa = PBXFileReference; lastKnownFileType = sourcecode.c.objc; path = main.m; sourceTree = "<group>"; };
		410C9DAF1DD498C1008C2092 /* AppDelegate.h */ = {isa = PBXFileReference; lastKnownFileType = sourcecode.c.h; path = AppDelegate.h; sourceTree = "<group>"; };
		410C9DB01DD498C1008C2092 /* AppDelegate.m */ = {isa = PBXFileReference; lastKnownFileType = sourcecode.c.objc; path = AppDelegate.m; sourceTree = "<group>"; };
		410C9DB21DD498C1008C2092 /* ViewController.h */ = {isa = PBXFileReference; lastKnownFileType = sourcecode.c.h; path = ViewController.h; sourceTree = "<group>"; };
		410C9DB31DD498C1008C2092 /* ViewController.m */ = {isa = PBXFileReference; lastKnownFileType = sourcecode.c.objc; path = ViewController.m; sourceTree = "<group>"; };
		410C9DB61DD498C1008C2092 /* Base */ = {isa = PBXFileReference; lastKnownFileType = file.storyboard; name = Base; path = Base.lproj/Main.storyboard; sourceTree = "<group>"; };
		410C9DB81DD498C1008C2092 /* Assets.xcassets */ = {isa = PBXFileReference; lastKnownFileType = folder.assetcatalog; path = Assets.xcassets; sourceTree = "<group>"; };
		410C9DBB1DD498C1008C2092 /* Base */ = {isa = PBXFileReference; lastKnownFileType = file.storyboard; name = Base; path = Base.lproj/LaunchScreen.storyboard; sourceTree = "<group>"; };
		410C9DBD1DD498C1008C2092 /* Info.plist */ = {isa = PBXFileReference; lastKnownFileType = text.plist.xml; path = Info.plist; sourceTree = "<group>"; };
		410C9DC31DD498EC008C2092 /* Employee.xml */ = {isa = PBXFileReference; fileEncoding = 4; lastKnownFileType = text.xml; path = Employee.xml; sourceTree = "<group>"; };
		410C9DC51DD49928008C2092 /* Employee.h */ = {isa = PBXFileReference; fileEncoding = 4; lastKnownFileType = sourcecode.c.h; path = Employee.h; sourceTree = "<group>"; };
		410C9DC61DD49928008C2092 /* Employee.m */ = {isa = PBXFileReference; fileEncoding = 4; lastKnownFileType = sourcecode.c.objc; path = Employee.m; sourceTree = "<group>"; };
/* End PBXFileReference section */

/* Begin PBXFrameworksBuildPhase section */
		410C9DA61DD498BD008C2092 /* Frameworks */ = {
			isa = PBXFrameworksBuildPhase;
			buildActionMask = 2147483647;
			files = (
			);
			runOnlyForDeploymentPostprocessing = 0;
		};
/* End PBXFrameworksBuildPhase section */

/* Begin PBXGroup section */
		410C9DA01DD498BD008C2092 = {
			isa = PBXGroup;
			children = (
				410C9DAB1DD498BF008C2092 /* TKXMLParsing */,
				410C9DAA1DD498BE008C2092 /* Products */,
			);
			sourceTree = "<group>";
		};
		410C9DAA1DD498BE008C2092 /* Products */ = {
			isa = PBXGroup;
			children = (
				410C9DA91DD498BE008C2092 /* TKXMLParsing.app */,
			);
			name = Products;
			sourceTree = "<group>";
		};
		410C9DAB1DD498BF008C2092 /* TKXMLParsing */ = {
			isa = PBXGroup;
			children = (
				410C9DC31DD498EC008C2092 /* Employee.xml */,
				410C9DC51DD49928008C2092 /* Employee.h */,
				410C9DC61DD49928008C2092 /* Employee.m */,
				410C9DAF1DD498C1008C2092 /* AppDelegate.h */,
				410C9DB01DD498C1008C2092 /* AppDelegate.m */,
				410C9DB21DD498C1008C2092 /* ViewController.h */,
				410C9DB31DD498C1008C2092 /* ViewController.m */,
				410C9DB51DD498C1008C2092 /* Main.storyboard */,
				410C9DB81DD498C1008C2092 /* Assets.xcassets */,
				410C9DBA1DD498C1008C2092 /* LaunchScreen.storyboard */,
				410C9DBD1DD498C1008C2092 /* Info.plist */,
				410C9DAC1DD498BF008C2092 /* Supporting Files */,
			);
			path = TKXMLParsing;
			sourceTree = "<group>";
		};
		410C9DAC1DD498BF008C2092 /* Supporting Files */ = {
			isa = PBXGroup;
			children = (
				410C9DAD1DD498BF008C2092 /* main.m */,
			);
			name = "Supporting Files";
			sourceTree = "<group>";
		};
/* End PBXGroup section */

/* Begin PBXNativeTarget section */
		410C9DA81DD498BD008C2092 /* TKXMLParsing */ = {
			isa = PBXNativeTarget;
			buildConfigurationList = 410C9DC01DD498C1008C2092 /* Build configuration list for PBXNativeTarget "TKXMLParsing" */;
			buildPhases = (
				410C9DA51DD498BD008C2092 /* Sources */,
				410C9DA61DD498BD008C2092 /* Frameworks */,
				410C9DA71DD498BD008C2092 /* Resources */,
			);
			buildRules = (
			);
			dependencies = (
			);
			name = TKXMLParsing;
			productName = TKXMLParsing;
			productReference = 410C9DA91DD498BE008C2092 /* TKXMLParsing.app */;
			productType = "com.apple.product-type.application";
		};
/* End PBXNativeTarget section */

/* Begin PBXProject section */
		410C9DA11DD498BD008C2092 /* Project object */ = {
			isa = PBXProject;
			attributes = {
				LastUpgradeCheck = 0730;
				ORGANIZATIONNAME = Tushar;
				TargetAttributes = {
					410C9DA81DD498BD008C2092 = {
						CreatedOnToolsVersion = 7.3.1;
					};
				};
			};
			buildConfigurationList = 410C9DA41DD498BD008C2092 /* Build configuration list for PBXProject "TKXMLParsing" */;
			compatibilityVersion = "Xcode 3.2";
			developmentRegion = English;
			hasScannedForEncodings = 0;
			knownRegions = (
				en,
				Base,
			);
			mainGroup = 410C9DA01DD498BD008C2092;
			productRefGroup = 410C9DAA1DD498BE008C2092 /* Products */;
			projectDirPath = "";
			projectRoot = "";
			targets = (
				410C9DA81DD498BD008C2092 /* TKXMLParsing */,
			);
		};
/* End PBXProject section */

/* Begin PBXResourcesBuildPhase section */
		410C9DA71DD498BD008C2092 /* Resources */ = {
			isa = PBXResourcesBuildPhase;
			buildActionMask = 2147483647;
			files = (
				410C9DBC1DD498C1008C2092 /* LaunchScreen.storyboard in Resources */,
				410C9DB91DD498C1008C2092 /* Assets.xcassets in Resources */,
				410C9DB71DD498C1008C2092 /* Main.storyboard in Resources */,
				410C9DC41DD498EC008C2092 /* Employee.xml in Resources */,
			);
			runOnlyForDeploymentPostprocessing = 0;
		};
/* End PBXResourcesBuildPhase section */

/* Begin PBXSourcesBuildPhase section */
		410C9DA51DD498BD008C2092 /* Sources */ = {
			isa = PBXSourcesBuildPhase;
			buildActionMask = 2147483647;
			files = (
				410C9DB41DD498C1008C2092 /* ViewController.m in Sources */,
				410C9DC71DD49928008C2092 /* Employee.m in Sources */,
				410C9DB11DD498C1008C2092 /* AppDelegate.m in Sources */,
				410C9DAE1DD498BF008C2092 /* main.m in Sources */,
			);
			runOnlyForDeploymentPostprocessing = 0;
		};
/* End PBXSourcesBuildPhase section */

/* Begin PBXVariantGroup section */
		410C9DB51DD498C1008C2092 /* Main.storyboard */ = {
			isa = PBXVariantGroup;
			children = (
				410C9DB61DD498C1008C2092 /* Base */,
			);
			name = Main.storyboard;
			sourceTree = "<group>";
		};
		410C9DBA1DD498C1008C2092 /* LaunchScreen.storyboard */ = {
			isa = PBXVariantGroup;
			children = (
				410C9DBB1DD498C1008C2092 /* Base */,
			);
			name = LaunchScreen.storyboard;
			sourceTree = "<group>";
		};
/* End PBXVariantGroup section */

/* Begin XCBuildConfiguration section */
		410C9DBE1DD498C1008C2092 /* Debug */ = {
			isa = XCBuildConfiguration;
			buildSettings = {
				ALWAYS_SEARCH_USER_PATHS = NO;
				CLANG_ANALYZER_NONNULL = YES;
				CLANG_CXX_LANGUAGE_STANDARD = "gnu++0x";
				CLANG_CXX_LIBRARY = "libc++";
				CLANG_ENABLE_MODULES = YES;
				CLANG_ENABLE_OBJC_ARC = YES;
				CLANG_WARN_BOOL_CONVERSION = YES;
				CLANG_WARN_CONSTANT_CONVERSION = YES;
				CLANG_WARN_DIRECT_OBJC_ISA_USAGE = YES_ERROR;
				CLANG_WARN_EMPTY_BODY = YES;
				CLANG_WARN_ENUM_CONVERSION = YES;
				CLANG_WARN_INT_CONVERSION = YES;
				CLANG_WARN_OBJC_ROOT_CLASS = YES_ERROR;
				CLANG_WARN_UNREACHABLE_CODE = YES;
				CLANG_WARN__DUPLICATE_METHOD_MATCH = YES;
				"CODE_SIGN_IDENTITY[sdk=iphoneos*]" = "iPhone Developer";
				COPY_PHASE_STRIP = NO;
				DEBUG_INFORMATION_FORMAT = dwarf;
				ENABLE_STRICT_OBJC_MSGSEND = YES;
				ENABLE_TESTABILITY = YES;
				GCC_C_LANGUAGE_STANDARD = gnu99;
				GCC_DYNAMIC_NO_PIC = NO;
				GCC_NO_COMMON_BLOCKS = YES;
				GCC_OPTIMIZATION_LEVEL = 0;
				GCC_PREPROCESSOR_DEFINITIONS = (
					"DEBUG=1",
					"$(inherited)",
				);
				GCC_WARN_64_TO_32_BIT_CONVERSION = YES;
				GCC_WARN_ABOUT_RETURN_TYPE = YES_ERROR;
				GCC_WARN_UNDECLARED_SELECTOR = YES;
				GCC_WARN_UNINITIALIZED_AUTOS = YES_AGGRESSIVE;
				GCC_WARN_UNUSED_FUNCTION = YES;
				GCC_WARN_UNUSED_VARIABLE = YES;
				IPHONEOS_DEPLOYMENT_TARGET = 9.3;
				MTL_ENABLE_DEBUG_INFO = YES;
				ONLY_ACTIVE_ARCH = YES;
				SDKROOT = iphoneos;
				TARGETED_DEVICE_FAMILY = "1,2";
			};
			name = Debug;
		};
		410C9DBF1DD498C1008C2092 /* Release */ = {
			isa = XCBuildConfiguration;
			buildSettings = {
				ALWAYS_SEARCH_USER_PATHS = NO;
				CLANG_ANALYZER_NONNULL = YES;
				CLANG_CXX_LANGUAGE_STANDARD = "gnu++0x";
				CLANG_CXX_LIBRARY = "libc++";
				CLANG_ENABLE_MODULES = YES;
				CLANG_ENABLE_OBJC_ARC = YES;
				CLANG_WARN_BOOL_CONVERSION = YES;
				CLANG_WARN_CONSTANT_CONVERSION = YES;
				CLANG_WARN_DIRECT_OBJC_ISA_USAGE = YES_ERROR;
				CLANG_WARN_EMPTY_BODY = YES;
				CLANG_WARN_ENUM_CONVERSION = YES;
				CLANG_WARN_INT_CONVERSION = YES;
				CLANG_WARN_OBJC_ROOT_CLASS = YES_ERROR;
				CLANG_WARN_UNREACHABLE_CODE = YES;
				CLANG_WARN__DUPLICATE_METHOD_MATCH = YES;
				"CODE_SIGN_IDENTITY[sdk=iphoneos*]" = "iPhone Developer";
				COPY_PHASE_STRIP = NO;
				DEBUG_INFORMATION_FORMAT = "dwarf-with-dsym";
				ENABLE_NS_ASSERTIONS = NO;
				ENABLE_STRICT_OBJC_MSGSEND = YES;
				GCC_C_LANGUAGE_STANDARD = gnu99;
				GCC_NO_COMMON_BLOCKS = YES;
				GCC_WARN_64_TO_32_BIT_CONVERSION = YES;
				GCC_WARN_ABOUT_RETURN_TYPE = YES_ERROR;
				GCC_WARN_UNDECLARED_SELECTOR = YES;
				GCC_WARN_UNINITIALIZED_AUTOS = YES_AGGRESSIVE;
				GCC_WARN_UNUSED_FUNCTION = YES;
				GCC_WARN_UNUSED_VARIABLE = YES;
				IPHONEOS_DEPLOYMENT_TARGET = 9.3;
				MTL_ENABLE_DEBUG_INFO = NO;
				SDKROOT = iphoneos;
				TARGETED_DEVICE_FAMILY = "1,2";
				VALIDATE_PRODUCT = YES;
			};
			name = Release;
		};
		410C9DC11DD498C1008C2092 /* Debug */ = {
			isa = XCBuildConfiguration;
			buildSettings = {
				ASSETCATALOG_COMPILER_APPICON_NAME = AppIcon;
				INFOPLIST_FILE = TKXMLParsing/Info.plist;
				LD_RUNPATH_SEARCH_PATHS = "$(inherited) @executable_path/Frameworks";
				PRODUCT_BUNDLE_IDENTIFIER = com.felix.TKXMLParsing;
				PRODUCT_NAME = "$(TARGET_NAME)";
			};
			name = Debug;
		};
		410C9DC21DD498C1008C2092 /* Release */ = {
			isa = XCBuildConfiguration;
			buildSettings = {
				ASSETCATALOG_COMPILER_APPICON_NAME = AppIcon;
				INFOPLIST_FILE = TKXMLParsing/Info.plist;
				LD_RUNPATH_SEARCH_PATHS = "$(inherited) @executable_path/Frameworks";
				PRODUCT_BUNDLE_IDENTIFIER = com.felix.TKXMLParsing;
				PRODUCT_NAME = "$(TARGET_NAME)";
			};
			name = Release;
		};
/* End XCBuildConfiguration section */

/* Begin XCConfigurationList section */
		410C9DA41DD498BD008C2092 /* Build configuration list for PBXProject "TKXMLParsing" */ = {
			isa = XCConfigurationList;
			buildConfigurations = (
				410C9DBE1DD498C1008C2092 /* Debug */,
				410C9DBF1DD498C1008C2092 /* Release */,
			);
			defaultConfigurationIsVisible = 0;
			defaultConfigurationName = Release;
		};
		410C9DC01DD498C1008C2092 /* Build configuration list for PBXNativeTarget "TKXMLParsing" */ = {
			isa = XCConfigurationList;
			buildConfigurations = (
				410C9DC11DD498C1008C2092 /* Debug */,
				410C9DC21DD498C1008C2092 /* Release */,
			);
			defaultConfigurationIsVisible = 0;
		};
/* End XCConfigurationList section */
	};
	rootObject = 410C9DA11DD498BD008C2092 /* Project object */;
}
